
Microsoft Visual Studio Solution File, Format Version 12.00
# Visual Studio Version 17
VisualStudioVersion = 17.14.36616.10 d17.14
MinimumVisualStudioVersion = 10.0.40219.1
Project("{8BC9CEB8-8B4A-11D0-8D11-00A0C91BC942}") = "module09-lists-and-linked-lists", "module09-lists-and-linked-lists.vcxproj", "{D0B08094-31D7-FEA6-4077-65AE46152220}"
EndProject
Global
	GlobalSection(SolutionConfigurationPlatforms) = preSolution
		Debug|x64 = Debug|x64
		Debug|x86 = Debug|x86
		Release|x64 = Release|x64
		Release|x86 = Release|x86
	EndGlobalSection
	GlobalSection(ProjectConfigurationPlatforms) = postSolution
		{D0B08094-31D7-FEA6-4077-65AE46152220}.Debug|x64.ActiveCfg = Debug|x64
		{D0B08094-31D7-FEA6-4077-65AE46152220}.Debug|x64.Build.0 = Debug|x64
		{D0B08094-31D7-FEA6-4077-65AE46152220}.Debug|x86.ActiveCfg = Debug|Win32
		{D0B08094-31D7-FEA6-4077-65AE46152220}.Debug|x86.Build.0 = Debug|Win32
		{D0B08094-31D7-FEA6-4077-65AE46152220}.Release|x64.ActiveCfg = Release|x64
		{D0B08094-31D7-FEA6-4077-65AE46152220}.Release|x64.Build.0 = Release|x64
		{D0B08094-31D7-FEA6-4077-65AE46152220}.Release|x86.ActiveCfg = Release|Win32
		{D0B08094-31D7-FEA6-4077-65AE46152220}.Release|x86.Build.0 = Release|Win32
	EndGlobalSection
	GlobalSection(SolutionProperties) = preSolution
		HideSolutionNode = FALSE
	EndGlobalSection
	GlobalSection(ExtensibilityGlobals) = postSolution
		SolutionGuid = {75293541-12D4-4FA3-A394-18B1FEA0AA15}
	EndGlobalSection
EndGlobal
